
Microsoft Visual Studio Solution File, Format Version 12.00
# Visual Studio Version 16
VisualStudioVersion = 16.0.28922.388
MinimumVisualStudioVersion = 10.0.40219.1
Project("{FAE04EC0-301F-11D3-BF4B-00C04F79EFBC}") = "GitFirstApplication", "GitFirstApplication\GitFirstApplication.csproj", "{FBAFCCF3-677C-4148-B3DC-706FAFE4BF09}"
EndProject
Global
	GlobalSection(SolutionConfigurationPlatforms) = preSolution
		Debug|Any CPU = Debug|Any CPU
		Release|Any CPU = Release|Any CPU
	EndGlobalSection
	GlobalSection(ProjectConfigurationPlatforms) = postSolution
		{FBAFCCF3-677C-4148-B3DC-706FAFE4BF09}.Debug|Any CPU.ActiveCfg = Debug|Any CPU
		{FBAFCCF3-677C-4148-B3DC-706FAFE4BF09}.Debug|Any CPU.Build.0 = Debug|Any CPU
		{FBAFCCF3-677C-4148-B3DC-706FAFE4BF09}.Release|Any CPU.ActiveCfg = Release|Any CPU
		{FBAFCCF3-677C-4148-B3DC-706FAFE4BF09}.Release|Any CPU.Build.0 = Release|Any CPU
	EndGlobalSection
	GlobalSection(SolutionProperties) = preSolution
		HideSolutionNode = FALSE
	EndGlobalSection
	GlobalSection(ExtensibilityGlobals) = postSolution
		SolutionGuid = {06265EF0-068A-4F61-975C-C99EF6ED0B69}
	EndGlobalSection
EndGlobal
